<Solution>
  <Project Path="src/Gateway/SOAForge.Gateway.csproj" />
  <Project Path="src/Services/CustomerService/CustomerService.csproj" />
  <Project Path="src/Services/OrderService/OrderService.csproj" />
  <Project Path="src/Services/PaymentService/PaymentService.csproj" />
  <Project Path="tests/SOAForge.Core.Tests/SOAForge.Core.Tests.csproj" />
</Solution>
